
Microsoft Visual Studio Solution File, Format Version 12.00
# Visual Studio Version 17
VisualStudioVersion = 17.11.34909.67
MinimumVisualStudioVersion = 10.0.40219.1
Project("{2150E333-8FDC-42A3-9474-1A3956D46DE8}") = "Client", "Client", "{8036450C-474C-4EA2-A816-16F99B0C2A0A}"
EndProject
Project("{2150E333-8FDC-42A3-9474-1A3956D46DE8}") = "Server", "Server", "{3455DBA5-0857-4E26-8C16-685651185D0F}"
EndProject
Project("{9A19103F-16F7-4668-BE54-9A1E7A4F7556}") = "Domus_Pinsa.Client", "Domus_Pinsa.Client\Domus_Pinsa.Client.csproj", "{EBEDB16D-AB85-4D2A-82B6-2094DCBCCC17}"
EndProject
Project("{9A19103F-16F7-4668-BE54-9A1E7A4F7556}") = "Domus_Pinsa.Server", "Domus_Pinsa.Server\Domus_Pinsa.Server.csproj", "{00DC75A2-2493-4312-AA83-FE05C384430F}"
EndProject
Global
	GlobalSection(SolutionConfigurationPlatforms) = preSolution
		Debug|Any CPU = Debug|Any CPU
		Release|Any CPU = Release|Any CPU
	EndGlobalSection
	GlobalSection(ProjectConfigurationPlatforms) = postSolution
		{EBEDB16D-AB85-4D2A-82B6-2094DCBCCC17}.Debug|Any CPU.ActiveCfg = Debug|Any CPU
		{EBEDB16D-AB85-4D2A-82B6-2094DCBCCC17}.Debug|Any CPU.Build.0 = Debug|Any CPU
		{EBEDB16D-AB85-4D2A-82B6-2094DCBCCC17}.Release|Any CPU.ActiveCfg = Release|Any CPU
		{EBEDB16D-AB85-4D2A-82B6-2094DCBCCC17}.Release|Any CPU.Build.0 = Release|Any CPU
		{00DC75A2-2493-4312-AA83-FE05C384430F}.Debug|Any CPU.ActiveCfg = Debug|Any CPU
		{00DC75A2-2493-4312-AA83-FE05C384430F}.Debug|Any CPU.Build.0 = Debug|Any CPU
		{00DC75A2-2493-4312-AA83-FE05C384430F}.Release|Any CPU.ActiveCfg = Release|Any CPU
		{00DC75A2-2493-4312-AA83-FE05C384430F}.Release|Any CPU.Build.0 = Release|Any CPU
	EndGlobalSection
	GlobalSection(SolutionProperties) = preSolution
		HideSolutionNode = FALSE
	EndGlobalSection
	GlobalSection(NestedProjects) = preSolution
		{EBEDB16D-AB85-4D2A-82B6-2094DCBCCC17} = {8036450C-474C-4EA2-A816-16F99B0C2A0A}
		{00DC75A2-2493-4312-AA83-FE05C384430F} = {3455DBA5-0857-4E26-8C16-685651185D0F}
	EndGlobalSection
	GlobalSection(ExtensibilityGlobals) = postSolution
		SolutionGuid = {00F4FAD2-D18D-4865-A3FF-4DCDE0CF9C7C}
	EndGlobalSection
EndGlobal
